
Microsoft Visual Studio Solution File, Format Version 12.00
# Visual Studio Version 17
VisualStudioVersion = 17.0.31903.59
MinimumVisualStudioVersion = 10.0.40219.1
Project("{888888A0-9F3D-457C-B088-3A5042F75D52}") = "ClientOne", "ClientOne\ClientOne.pyproj", "{0CF337FC-A1F8-427C-9CEB-653287507982}"
EndProject
Project("{888888A0-9F3D-457C-B088-3A5042F75D52}") = "ClientTwo", "ClientTwo\ClientTwo.pyproj", "{A14860CB-255B-4CBB-B543-8190C7A86911}"
EndProject
Project("{888888A0-9F3D-457C-B088-3A5042F75D52}") = "Server", "Server\Server.pyproj", "{C95D1ACA-D0EF-4CF7-A63D-F86049CCFABC}"
EndProject
Global
	GlobalSection(SolutionConfigurationPlatforms) = preSolution
		Debug|Any CPU = Debug|Any CPU
		Release|Any CPU = Release|Any CPU
	EndGlobalSection
	GlobalSection(ProjectConfigurationPlatforms) = postSolution
		{0CF337FC-A1F8-427C-9CEB-653287507982}.Debug|Any CPU.ActiveCfg = Debug|Any CPU
		{0CF337FC-A1F8-427C-9CEB-653287507982}.Release|Any CPU.ActiveCfg = Release|Any CPU
		{A14860CB-255B-4CBB-B543-8190C7A86911}.Debug|Any CPU.ActiveCfg = Debug|Any CPU
		{A14860CB-255B-4CBB-B543-8190C7A86911}.Release|Any CPU.ActiveCfg = Release|Any CPU
		{C95D1ACA-D0EF-4CF7-A63D-F86049CCFABC}.Debug|Any CPU.ActiveCfg = Debug|Any CPU
		{C95D1ACA-D0EF-4CF7-A63D-F86049CCFABC}.Release|Any CPU.ActiveCfg = Release|Any CPU
	EndGlobalSection
	GlobalSection(SolutionProperties) = preSolution
		HideSolutionNode = FALSE
	EndGlobalSection
	GlobalSection(ExtensibilityGlobals) = postSolution
		SolutionGuid = {01C489DB-21F3-4BEB-B33D-57E7C9F6710D}
	EndGlobalSection
EndGlobal
